
Microsoft Visual Studio Solution File, Format Version 12.00
# Visual Studio Version 16
VisualStudioVersion = 16.0.30523.141
MinimumVisualStudioVersion = 10.0.40219.1
Project("{9A19103F-16F7-4668-BE54-9A1E7A4F7556}") = "TasKrumIo", "TasKrumIo\TasKrumIo.csproj", "{ECB0CC93-6371-4CC5-BBA9-EBC54C5EE981}"
EndProject
Global
	GlobalSection(SolutionConfigurationPlatforms) = preSolution
		Debug|Any CPU = Debug|Any CPU
		Release|Any CPU = Release|Any CPU
	EndGlobalSection
	GlobalSection(ProjectConfigurationPlatforms) = postSolution
		{ECB0CC93-6371-4CC5-BBA9-EBC54C5EE981}.Debug|Any CPU.ActiveCfg = Debug|Any CPU
		{ECB0CC93-6371-4CC5-BBA9-EBC54C5EE981}.Debug|Any CPU.Build.0 = Debug|Any CPU
		{ECB0CC93-6371-4CC5-BBA9-EBC54C5EE981}.Release|Any CPU.ActiveCfg = Release|Any CPU
		{ECB0CC93-6371-4CC5-BBA9-EBC54C5EE981}.Release|Any CPU.Build.0 = Release|Any CPU
	EndGlobalSection
	GlobalSection(SolutionProperties) = preSolution
		HideSolutionNode = FALSE
	EndGlobalSection
	GlobalSection(ExtensibilityGlobals) = postSolution
		SolutionGuid = {2D6E3CD8-04CF-4BBF-8FF6-2B17B51B947F}
	EndGlobalSection
EndGlobal
